
Microsoft Visual Studio Solution File, Format Version 12.00
Project("{FAE04EC0-301F-11D3-BF4B-00C04F79EFBC}") = "UserService", "UserService\UserService.csproj", "{F40AF484-CE82-4495-AAE3-1FB7BAB3ABA4}"
EndProject
Global
	GlobalSection(SolutionConfigurationPlatforms) = preSolution
		Debug|Any CPU = Debug|Any CPU
		Release|Any CPU = Release|Any CPU
	EndGlobalSection
	GlobalSection(ProjectConfigurationPlatforms) = postSolution
		{F40AF484-CE82-4495-AAE3-1FB7BAB3ABA4}.Debug|Any CPU.ActiveCfg = Debug|Any CPU
		{F40AF484-CE82-4495-AAE3-1FB7BAB3ABA4}.Debug|Any CPU.Build.0 = Debug|Any CPU
		{F40AF484-CE82-4495-AAE3-1FB7BAB3ABA4}.Release|Any CPU.ActiveCfg = Release|Any CPU
		{F40AF484-CE82-4495-AAE3-1FB7BAB3ABA4}.Release|Any CPU.Build.0 = Release|Any CPU
	EndGlobalSection
EndGlobal
